Microsoft Visual Studio Solution File, Format Version 12.00
# Visual Studio Version 17
VisualStudioVersion = 17.5.2.0
MinimumVisualStudioVersion = 10.0.40219.1
Project("{FAE04EC0-301F-11D3-BF4B-00C04F79EFBC}") = "AcademicTaskManager", "AcademicTaskManager\AcademicTaskManager.csproj", "{9CD06C8E-3322-58D1-72E2-13A1D0F8685D}"
EndProject
Global
	GlobalSection(SolutionConfigurationPlatforms) = preSolution
		Debug|Any CPU = Debug|Any CPU
		Release|Any CPU = Release|Any CPU
	EndGlobalSection
	GlobalSection(ProjectConfigurationPlatforms) = postSolution
		{9CD06C8E-3322-58D1-72E2-13A1D0F8685D}.Debug|Any CPU.ActiveCfg = Debug|Any CPU
		{9CD06C8E-3322-58D1-72E2-13A1D0F8685D}.Debug|Any CPU.Build.0 = Debug|Any CPU
		{9CD06C8E-3322-58D1-72E2-13A1D0F8685D}.Release|Any CPU.ActiveCfg = Release|Any CPU
		{9CD06C8E-3322-58D1-72E2-13A1D0F8685D}.Release|Any CPU.Build.0 = Release|Any CPU
	EndGlobalSection
	GlobalSection(SolutionProperties) = preSolution
		HideSolutionNode = FALSE
	EndGlobalSection
	GlobalSection(ExtensibilityGlobals) = postSolution
		SolutionGuid = {EB1E1577-447B-4EA1-8A4A-63AD54D43ED3}
	EndGlobalSection
EndGlobal
